// !$*UTF8*$!
{
	archiveVersion = 1;
	classes = {
	};
	objectVersion = 77;
	objects = {

/* Begin PBXBuildFile section */
		0D81F2CA59DE2D3AA339DDF8 /* H3ddleEngineClient in Frameworks */ = {isa = PBXBuildFile; productRef = 5B5B1FCE86203351735AC704 /* H3ddleEngineClient */; };
		11C62E1DE57A2B37750329AA /* H3ddleDesignSystem in Frameworks */ = {isa = PBXBuildFile; productRef = 53643B1E43A41BCDA80826AC /* H3ddleDesignSystem */; };
		1A11C0FCE6740ACFF083AB72 /* CanvasGizmoGeometry.swift in Sources */ = {isa = PBXBuildFile; fileRef = A96AAA897DBD5956E2484CCB /* CanvasGizmoGeometry.swift */; };
		1FD10BD8234B5B28446C7C97 /* CanvasViewport.swift in Sources */ = {isa = PBXBuildFile; fileRef = 4746C6AEC64D77D4B9D464CF /* CanvasViewport.swift */; };
		2340DB253E47E718A1EAE4C8 /* CanvasInteractionProbe.swift in Sources */ = {isa = PBXBuildFile; fileRef = C785C953052A582EB5B9679C /* CanvasInteractionProbe.swift */; };
		2F326CFAF21C4DD0992E083F /* TimeRulerView.swift in Sources */ = {isa = PBXBuildFile; fileRef = D6E0BC57D5BE4A0B21000E94 /* TimeRulerView.swift */; };
		32E499B7269BB7EBFDE89192 /* CanvasGizmoOverlay.swift in Sources */ = {isa = PBXBuildFile; fileRef = D9672B7D46A634F90D81DD4C /* CanvasGizmoOverlay.swift */; };
		388EF6D763445F890EE23922 /* ExportModalView.swift in Sources */ = {isa = PBXBuildFile; fileRef = EDE22F1F6245036A1DE4230C /* ExportModalView.swift */; };
		3D7E7EFF52A71036A983F905 /* GenerationStudioView.swift in Sources */ = {isa = PBXBuildFile; fileRef = CF7CAFD2349C2AA0D78B3905 /* GenerationStudioView.swift */; };
		4143C0887613C548157CE456 /* GeneratedAssetPreview.swift in Sources */ = {isa = PBXBuildFile; fileRef = 84E7E87AF0B2CCE306CCA94F /* GeneratedAssetPreview.swift */; };
		45129FAA941B44DFCBD13A6B /* EditorSession.swift in Sources */ = {isa = PBXBuildFile; fileRef = 69F35D81C9968F32C725B215 /* EditorSession.swift */; };
		50DDB60CD503561602DD7C40 /* TimelineClipMenu.swift in Sources */ = {isa = PBXBuildFile; fileRef = 83073CC405C8ED99CB3ED377 /* TimelineClipMenu.swift */; };
		514D86AC0E8FBB4ECB5669E0 /* FontCatalog.swift in Sources */ = {isa = PBXBuildFile; fileRef = 3F2B986171DE15927AA8BA6A /* FontCatalog.swift */; };
		59EFB9D92D27AA1D80968D0B /* H3ddleModels in Frameworks */ = {isa = PBXBuildFile; productRef = 80AEEEDA403FB26BDE78E158 /* H3ddleModels */; };
		5A053AEC1E6AED63420FA167 /* WindowChromeInstaller.swift in Sources */ = {isa = PBXBuildFile; fileRef = F7B3ED39A78FF1C070FC68E7 /* WindowChromeInstaller.swift */; };
		5A4C2F216202A4E6F7E2B471 /* TimelineMediaDrop.swift in Sources */ = {isa = PBXBuildFile; fileRef = 09DA51F853EE12317EE645B8 /* TimelineMediaDrop.swift */; };
		649155286CCB8A2F94BB6FF2 /* SecondaryClickProbe.swift in Sources */ = {isa = PBXBuildFile; fileRef = 7C752B485E458783681F338F /* SecondaryClickProbe.swift */; };
		655FEE867A09E7098E81B75E /* TimelineEffectPill.swift in Sources */ = {isa = PBXBuildFile; fileRef = AF565E218B6B2DD1C5907376 /* TimelineEffectPill.swift */; };
		6A8CC1CB3478617D14303D05 /* ProgramCanvasView.swift in Sources */ = {isa = PBXBuildFile; fileRef = 9B7724423128E4923FB4119B /* ProgramCanvasView.swift */; };
		6B834E46A8D170455DA6CF70 /* H3ddleMedia in Frameworks */ = {isa = PBXBuildFile; productRef = D97CC2149317A2A032A5CB30 /* H3ddleMedia */; };
		6CF1280CDCAFBA1285052629 /* ProgramPlaybackController.swift in Sources */ = {isa = PBXBuildFile; fileRef = 0B591ADCAAB888D3B65A8C2B /* ProgramPlaybackController.swift */; };
		7157283517D7926DAFFA6D6E /* ExportControlsView.swift in Sources */ = {isa = PBXBuildFile; fileRef = A243FE7139311CDC8EA5CE1C /* ExportControlsView.swift */; };
		73C88559CDE06B206D8097EC /* TransportBarView.swift in Sources */ = {isa = PBXBuildFile; fileRef = 667AFE15DAB75F795768ED4F /* TransportBarView.swift */; };
		8703DF36598D5F6DDC69697A /* H3ddleGeneration in Frameworks */ = {isa = PBXBuildFile; productRef = 536EF32BBB28C07D9EABEE98 /* H3ddleGeneration */; };
		8F8AD1AF67979F6F90EA4B85 /* AppModel.swift in Sources */ = {isa = PBXBuildFile; fileRef = 2A6AF6F040C7256464607C94 /* AppModel.swift */; };
		9098009C6BDCA4F8A02BFE44 /* ModelSettingsView.swift in Sources */ = {isa = PBXBuildFile; fileRef = 08AAFB2977E8BADEB471E371 /* ModelSettingsView.swift */; };
		9A494F4E5CF63338D4A4CE53 /* CanvasMediaSize.swift in Sources */ = {isa = PBXBuildFile; fileRef = 62DFFC4BC7C71D5D3E9C35E2 /* CanvasMediaSize.swift */; };
		9E78D049843D79C6B77799A5 /* DockAttention.swift in Sources */ = {isa = PBXBuildFile; fileRef = 135192F096FB7C2428444B61 /* DockAttention.swift */; };
		9F2F6176508A41C319B8787B /* EffectsPanelView.swift in Sources */ = {isa = PBXBuildFile; fileRef = 95DFE38643B882953196C533 /* EffectsPanelView.swift */; };
		A72D97AED6C7E11D25D87D04 /* TimelineTransitionHandle.swift in Sources */ = {isa = PBXBuildFile; fileRef = 7041DEC2A89781B53AB90DC7 /* TimelineTransitionHandle.swift */; };
		A87CED10762409A020D57F8C /* LocalImagePreview.swift in Sources */ = {isa = PBXBuildFile; fileRef = 4A2455B594CABE3E74A707D0 /* LocalImagePreview.swift */; };
		AC44AEDF7277AC76B56F2D03 /* TrackHeaderView.swift in Sources */ = {isa = PBXBuildFile; fileRef = 2648406FAFCA8AB60A97EEE9 /* TrackHeaderView.swift */; };
		ADEC2012684556D6CDF00F48 /* ProjectSettingsPanel.swift in Sources */ = {isa = PBXBuildFile; fileRef = 43B65284F9D9F37F44F8B0EC /* ProjectSettingsPanel.swift */; };
		B47AB95F0B9991CC8D7BE476 /* EditorView.swift in Sources */ = {isa = PBXBuildFile; fileRef = 2547ABB5B8079987008EBA8B /* EditorView.swift */; };
		BBE1A31FF7A531973A6A2FAB /* ProgramTimelineView.swift in Sources */ = {isa = PBXBuildFile; fileRef = FAF152210E5B3B58C522D5A0 /* ProgramTimelineView.swift */; };
		BEAE4110ED9B9EE37CEB3F5D /* TimelineClipView.swift in Sources */ = {isa = PBXBuildFile; fileRef = FE1CF7E7AA06CAE913136386 /* TimelineClipView.swift */; };
		C2B9C48A2BBE05A72B922929 /* TransitionsPanelView.swift in Sources */ = {isa = PBXBuildFile; fileRef = 1B0A479A719F5C5DCED8AB26 /* TransitionsPanelView.swift */; };
		C612E804FE06BE4E86A8D087 /* ProgramFramePresenter.swift in Sources */ = {isa = PBXBuildFile; fileRef = 5BBF3667FF8EC32438B53498 /* ProgramFramePresenter.swift */; };
		C897FFA94948CD41987E9620 /* Assets.xcassets in Resources */ = {isa = PBXBuildFile; fileRef = 3FCA3D3C6ED1AA4E588C7A38 /* Assets.xcassets */; };
		C9A28FFC5001B8CE177CCDF5 /* H3ddleApp.swift in Sources */ = {isa = PBXBuildFile; fileRef = 0758D67E6F0F4CB63DBC17C6 /* H3ddleApp.swift */; };
		CC4F9A5AA9DD7E28C23E15FA /* AudioPreviewPlayer.swift in Sources */ = {isa = PBXBuildFile; fileRef = 7D0B6D125B77E05E7085FB2D /* AudioPreviewPlayer.swift */; };
		D3BE0742930E61BBB40C1081 /* H3ddleUITests.swift in Sources */ = {isa = PBXBuildFile; fileRef = EE1A8789B11B5C010EED4C4E /* H3ddleUITests.swift */; };
		D57E7BF2012D9018064F99F6 /* TextInspectorPanel.swift in Sources */ = {isa = PBXBuildFile; fileRef = D29A52016F6B64B97F33127C /* TextInspectorPanel.swift */; };
		DF3BD1D9C2720C3DE35181F5 /* VoiceLibrary.swift in Sources */ = {isa = PBXBuildFile; fileRef = E9E1D322A9044F5C380D736E /* VoiceLibrary.swift */; };
		E16BDDB3D50E74C60BC7381B /* H3ddleEngineProtocol in Frameworks */ = {isa = PBXBuildFile; productRef = 8916055035142DBA446A0BE3 /* H3ddleEngineProtocol */; };
		E88235986A061E97604DC337 /* H3ddleCore in Frameworks */ = {isa = PBXBuildFile; productRef = 2F420D87DF957DDFAD4E5936 /* H3ddleCore */; };
		EBBEE876E6A0B8AAB63AE897 /* GenerationNotifier.swift in Sources */ = {isa = PBXBuildFile; fileRef = 31D69FB8AC2D17F344B9B7DC /* GenerationNotifier.swift */; };
		F4EB56F215F9718964DBB153 /* TimelineAppendMenu.swift in Sources */ = {isa = PBXBuildFile; fileRef = A9DA773D7D30C51874013C19 /* TimelineAppendMenu.swift */; };
/* End PBXBuildFile section */

/* Begin PBXContainerItemProxy section */
		E66E147B699BF808A5CFF118 /* PBXContainerItemProxy */ = {
			isa = PBXContainerItemProxy;
			containerPortal = 4C1E9B5B45C845F25F6A7B8E /* Project object */;
			proxyType = 1;
			remoteGlobalIDString = 7823EB3E2954BA7727157CE0;
			remoteInfo = H3ddle;
		};
/* End PBXContainerItemProxy section */

/* Begin PBXFileReference section */
		0758D67E6F0F4CB63DBC17C6 /* H3ddleApp.swift */ = {isa = PBXFileReference; lastKnownFileType = sourcecode.swift; path = H3ddleApp.swift; sourceTree = "<group>"; };
		08AAFB2977E8BADEB471E371 /* ModelSettingsView.swift */ = {isa = PBXFileReference; lastKnownFileType = sourcecode.swift; path = ModelSettingsView.swift; sourceTree = "<group>"; };
		09DA51F853EE12317EE645B8 /* TimelineMediaDrop.swift */ = {isa = PBXFileReference; lastKnownFileType = sourcecode.swift; path = TimelineMediaDrop.swift; sourceTree = "<group>"; };
		0B591ADCAAB888D3B65A8C2B /* ProgramPlaybackController.swift */ = {isa = PBXFileReference; lastKnownFileType = sourcecode.swift; path = ProgramPlaybackController.swift; sourceTree = "<group>"; };
		135192F096FB7C2428444B61 /* DockAttention.swift */ = {isa = PBXFileReference; lastKnownFileType = sourcecode.swift; path = DockAttention.swift; sourceTree = "<group>"; };
		1B0A479A719F5C5DCED8AB26 /* TransitionsPanelView.swift */ = {isa = PBXFileReference; lastKnownFileType = sourcecode.swift; path = TransitionsPanelView.swift; sourceTree = "<group>"; };
		2547ABB5B8079987008EBA8B /* EditorView.swift */ = {isa = PBXFileReference; lastKnownFileType = sourcecode.swift; path = EditorView.swift; sourceTree = "<group>"; };
		2648406FAFCA8AB60A97EEE9 /* TrackHeaderView.swift */ = {isa = PBXFileReference; lastKnownFileType = sourcecode.swift; path = TrackHeaderView.swift; sourceTree = "<group>"; };
		2A6AF6F040C7256464607C94 /* AppModel.swift */ = {isa = PBXFileReference; lastKnownFileType = sourcecode.swift; path = AppModel.swift; sourceTree = "<group>"; };
		31D69FB8AC2D17F344B9B7DC /* GenerationNotifier.swift */ = {isa = PBXFileReference; lastKnownFileType = sourcecode.swift; path = GenerationNotifier.swift; sourceTree = "<group>"; };
		3F2B986171DE15927AA8BA6A /* FontCatalog.swift */ = {isa = PBXFileReference; lastKnownFileType = sourcecode.swift; path = FontCatalog.swift; sourceTree = "<group>"; };
		3FCA3D3C6ED1AA4E588C7A38 /* Assets.xcassets */ = {isa = PBXFileReference; lastKnownFileType = folder.assetcatalog; path = Assets.xcassets; sourceTree = "<group>"; };
		43B65284F9D9F37F44F8B0EC /* ProjectSettingsPanel.swift */ = {isa = PBXFileReference; lastKnownFileType = sourcecode.swift; path = ProjectSettingsPanel.swift; sourceTree = "<group>"; };
		4746C6AEC64D77D4B9D464CF /* CanvasViewport.swift */ = {isa = PBXFileReference; lastKnownFileType = sourcecode.swift; path = CanvasViewport.swift; sourceTree = "<group>"; };
		478777F017228F58ABA67D3B /* Release.xcconfig */ = {isa = PBXFileReference; lastKnownFileType = text.xcconfig; path = Release.xcconfig; sourceTree = "<group>"; };
		4A2455B594CABE3E74A707D0 /* LocalImagePreview.swift */ = {isa = PBXFileReference; lastKnownFileType = sourcecode.swift; path = LocalImagePreview.swift; sourceTree = "<group>"; };
		5BBF3667FF8EC32438B53498 /* ProgramFramePresenter.swift */ = {isa = PBXFileReference; lastKnownFileType = sourcecode.swift; path = ProgramFramePresenter.swift; sourceTree = "<group>"; };
		62DFFC4BC7C71D5D3E9C35E2 /* CanvasMediaSize.swift */ = {isa = PBXFileReference; lastKnownFileType = sourcecode.swift; path = CanvasMediaSize.swift; sourceTree = "<group>"; };
		667AFE15DAB75F795768ED4F /* TransportBarView.swift */ = {isa = PBXFileReference; lastKnownFileType = sourcecode.swift; path = TransportBarView.swift; sourceTree = "<group>"; };
		69CF5EDC9BBD36B9A69334DE /* Debug.xcconfig */ = {isa = PBXFileReference; lastKnownFileType = text.xcconfig; path = Debug.xcconfig; sourceTree = "<group>"; };
		69F35D81C9968F32C725B215 /* EditorSession.swift */ = {isa = PBXFileReference; lastKnownFileType = sourcecode.swift; path = EditorSession.swift; sourceTree = "<group>"; };
		7041DEC2A89781B53AB90DC7 /* TimelineTransitionHandle.swift */ = {isa = PBXFileReference; lastKnownFileType = sourcecode.swift; path = TimelineTransitionHandle.swift; sourceTree = "<group>"; };
		7C752B485E458783681F338F /* SecondaryClickProbe.swift */ = {isa = PBXFileReference; lastKnownFileType = sourcecode.swift; path = SecondaryClickProbe.swift; sourceTree = "<group>"; };
		7D0B6D125B77E05E7085FB2D /* AudioPreviewPlayer.swift */ = {isa = PBXFileReference; lastKnownFileType = sourcecode.swift; path = AudioPreviewPlayer.swift; sourceTree = "<group>"; };
		83073CC405C8ED99CB3ED377 /* TimelineClipMenu.swift */ = {isa = PBXFileReference; lastKnownFileType = sourcecode.swift; path = TimelineClipMenu.swift; sourceTree = "<group>"; };
		84E7E87AF0B2CCE306CCA94F /* GeneratedAssetPreview.swift */ = {isa = PBXFileReference; lastKnownFileType = sourcecode.swift; path = GeneratedAssetPreview.swift; sourceTree = "<group>"; };
		95DFE38643B882953196C533 /* EffectsPanelView.swift */ = {isa = PBXFileReference; lastKnownFileType = sourcecode.swift; path = EffectsPanelView.swift; sourceTree = "<group>"; };
		9B7724423128E4923FB4119B /* ProgramCanvasView.swift */ = {isa = PBXFileReference; lastKnownFileType = sourcecode.swift; path = ProgramCanvasView.swift; sourceTree = "<group>"; };
		A243FE7139311CDC8EA5CE1C /* ExportControlsView.swift */ = {isa = PBXFileReference; lastKnownFileType = sourcecode.swift; path = ExportControlsView.swift; sourceTree = "<group>"; };
		A96AAA897DBD5956E2484CCB /* CanvasGizmoGeometry.swift */ = {isa = PBXFileReference; lastKnownFileType = sourcecode.swift; path = CanvasGizmoGeometry.swift; sourceTree = "<group>"; };
		A9DA773D7D30C51874013C19 /* TimelineAppendMenu.swift */ = {isa = PBXFileReference; lastKnownFileType = sourcecode.swift; path = TimelineAppendMenu.swift; sourceTree = "<group>"; };
		AF565E218B6B2DD1C5907376 /* TimelineEffectPill.swift */ = {isa = PBXFileReference; lastKnownFileType = sourcecode.swift; path = TimelineEffectPill.swift; sourceTree = "<group>"; };
		C785C953052A582EB5B9679C /* CanvasInteractionProbe.swift */ = {isa = PBXFileReference; lastKnownFileType = sourcecode.swift; path = CanvasInteractionProbe.swift; sourceTree = "<group>"; };
		C78ACDBA5C3E48FC3FD91769 /* H3ddleKit */ = {isa = PBXFileReference; lastKnownFileType = folder; name = H3ddleKit; path = Packages/H3ddleKit; sourceTree = SOURCE_ROOT; };
		CF7CAFD2349C2AA0D78B3905 /* GenerationStudioView.swift */ = {isa = PBXFileReference; lastKnownFileType = sourcecode.swift; path = GenerationStudioView.swift; sourceTree = "<group>"; };
		CFB197A56139F880CD4A81C7 /* H3ddle.app */ = {isa = PBXFileReference; explicitFileType = wrapper.application; includeInIndex = 0; path = H3ddle.app; sourceTree = BUILT_PRODUCTS_DIR; };
		D29A52016F6B64B97F33127C /* TextInspectorPanel.swift */ = {isa = PBXFileReference; lastKnownFileType = sourcecode.swift; path = TextInspectorPanel.swift; sourceTree = "<group>"; };
		D6E0BC57D5BE4A0B21000E94 /* TimeRulerView.swift */ = {isa = PBXFileReference; lastKnownFileType = sourcecode.swift; path = TimeRulerView.swift; sourceTree = "<group>"; };
		D9672B7D46A634F90D81DD4C /* CanvasGizmoOverlay.swift */ = {isa = PBXFileReference; lastKnownFileType = sourcecode.swift; path = CanvasGizmoOverlay.swift; sourceTree = "<group>"; };
		DF87CD329EDE32AD0A1ACB8F /* H3ddleUITests.xctest */ = {isa = PBXFileReference; explicitFileType = wrapper.cfbundle; includeInIndex = 0; path = H3ddleUITests.xctest; sourceTree = BUILT_PRODUCTS_DIR; };
		E9E1D322A9044F5C380D736E /* VoiceLibrary.swift */ = {isa = PBXFileReference; lastKnownFileType = sourcecode.swift; path = VoiceLibrary.swift; sourceTree = "<group>"; };
		EDE22F1F6245036A1DE4230C /* ExportModalView.swift */ = {isa = PBXFileReference; lastKnownFileType = sourcecode.swift; path = ExportModalView.swift; sourceTree = "<group>"; };
		EE1A8789B11B5C010EED4C4E /* H3ddleUITests.swift */ = {isa = PBXFileReference; lastKnownFileType = sourcecode.swift; path = H3ddleUITests.swift; sourceTree = "<group>"; };
		F7B3ED39A78FF1C070FC68E7 /* WindowChromeInstaller.swift */ = {isa = PBXFileReference; lastKnownFileType = sourcecode.swift; path = WindowChromeInstaller.swift; sourceTree = "<group>"; };
		FAF152210E5B3B58C522D5A0 /* ProgramTimelineView.swift */ = {isa = PBXFileReference; lastKnownFileType = sourcecode.swift; path = ProgramTimelineView.swift; sourceTree = "<group>"; };
		FE1CF7E7AA06CAE913136386 /* TimelineClipView.swift */ = {isa = PBXFileReference; lastKnownFileType = sourcecode.swift; path = TimelineClipView.swift; sourceTree = "<group>"; };
/* End PBXFileReference section */

/* Begin PBXFrameworksBuildPhase section */
		D034298C114BD5052149C117 /* Frameworks */ = {
			isa = PBXFrameworksBuildPhase;
			buildActionMask = 2147483647;
			files = (
				E88235986A061E97604DC337 /* H3ddleCore in Frameworks */,
				11C62E1DE57A2B37750329AA /* H3ddleDesignSystem in Frameworks */,
				0D81F2CA59DE2D3AA339DDF8 /* H3ddleEngineClient in Frameworks */,
				E16BDDB3D50E74C60BC7381B /* H3ddleEngineProtocol in Frameworks */,
				8703DF36598D5F6DDC69697A /* H3ddleGeneration in Frameworks */,
				6B834E46A8D170455DA6CF70 /* H3ddleMedia in Frameworks */,
				59EFB9D92D27AA1D80968D0B /* H3ddleModels in Frameworks */,
			);
			runOnlyForDeploymentPostprocessing = 0;
		};
/* End PBXFrameworksBuildPhase section */

/* Begin PBXGroup section */
		15240A025352EF7E48FAAF44 /* Transitions */ = {
			isa = PBXGroup;
			children = (
				1B0A479A719F5C5DCED8AB26 /* TransitionsPanelView.swift */,
			);
			path = Transitions;
			sourceTree = "<group>";
		};
		221BB1230E5FE4AE9565DD11 /* GenerateStudio */ = {
			isa = PBXGroup;
			children = (
				CF7CAFD2349C2AA0D78B3905 /* GenerationStudioView.swift */,
			);
			path = GenerateStudio;
			sourceTree = "<group>";
		};
		2E54B4C8C297539803D7E575 /* Playback */ = {
			isa = PBXGroup;
			children = (
				7D0B6D125B77E05E7085FB2D /* AudioPreviewPlayer.swift */,
				0B591ADCAAB888D3B65A8C2B /* ProgramPlaybackController.swift */,
			);
			path = Playback;
			sourceTree = "<group>";
		};
		32AF7AE28640A9E731A0699A /* App */ = {
			isa = PBXGroup;
			children = (
				2A6AF6F040C7256464607C94 /* AppModel.swift */,
				135192F096FB7C2428444B61 /* DockAttention.swift */,
				31D69FB8AC2D17F344B9B7DC /* GenerationNotifier.swift */,
				0758D67E6F0F4CB63DBC17C6 /* H3ddleApp.swift */,
				4A2455B594CABE3E74A707D0 /* LocalImagePreview.swift */,
				E9E1D322A9044F5C380D736E /* VoiceLibrary.swift */,
			);
			path = App;
			sourceTree = "<group>";
		};
		3B913D10FA2E7550B189AE4B /* Text */ = {
			isa = PBXGroup;
			children = (
				3F2B986171DE15927AA8BA6A /* FontCatalog.swift */,
				D29A52016F6B64B97F33127C /* TextInspectorPanel.swift */,
			);
			path = Text;
			sourceTree = "<group>";
		};
		40A8AA1518A455876F4C3268 = {
			isa = PBXGroup;
			children = (
				885F4E64CC7BE2EC1498D8DF /* Config */,
				A54B7372870B881D785FE7F5 /* H3ddleUITests */,
				ADB8BD5636137D619F921B21 /* Packages */,
				E23E07CFB8CBD22F11D19EDA /* Resources */,
				B2138135C9E5860FF98F2F80 /* Sources */,
				F9E0FFB47617E488EA66AD0D /* Products */,
			);
			sourceTree = "<group>";
		};
		470370CCAFF7AA280BB3F416 /* Timeline */ = {
			isa = PBXGroup;
			children = (
				FAF152210E5B3B58C522D5A0 /* ProgramTimelineView.swift */,
				7C752B485E458783681F338F /* SecondaryClickProbe.swift */,
				A9DA773D7D30C51874013C19 /* TimelineAppendMenu.swift */,
				83073CC405C8ED99CB3ED377 /* TimelineClipMenu.swift */,
				FE1CF7E7AA06CAE913136386 /* TimelineClipView.swift */,
				AF565E218B6B2DD1C5907376 /* TimelineEffectPill.swift */,
				09DA51F853EE12317EE645B8 /* TimelineMediaDrop.swift */,
				7041DEC2A89781B53AB90DC7 /* TimelineTransitionHandle.swift */,
				D6E0BC57D5BE4A0B21000E94 /* TimeRulerView.swift */,
				2648406FAFCA8AB60A97EEE9 /* TrackHeaderView.swift */,
				667AFE15DAB75F795768ED4F /* TransportBarView.swift */,
			);
			path = Timeline;
			sourceTree = "<group>";
		};
		6B1ACFFABCD6CFE2245D0F51 /* Export */ = {
			isa = PBXGroup;
			children = (
				A243FE7139311CDC8EA5CE1C /* ExportControlsView.swift */,
				EDE22F1F6245036A1DE4230C /* ExportModalView.swift */,
			);
			path = Export;
			sourceTree = "<group>";
		};
		885F4E64CC7BE2EC1498D8DF /* Config */ = {
			isa = PBXGroup;
			children = (
				69CF5EDC9BBD36B9A69334DE /* Debug.xcconfig */,
				478777F017228F58ABA67D3B /* Release.xcconfig */,
			);
			path = Config;
			sourceTree = "<group>";
		};
		8A6F344EB4997F4C458F2CD0 /* Canvas */ = {
			isa = PBXGroup;
			children = (
				A96AAA897DBD5956E2484CCB /* CanvasGizmoGeometry.swift */,
				D9672B7D46A634F90D81DD4C /* CanvasGizmoOverlay.swift */,
				C785C953052A582EB5B9679C /* CanvasInteractionProbe.swift */,
				62DFFC4BC7C71D5D3E9C35E2 /* CanvasMediaSize.swift */,
				4746C6AEC64D77D4B9D464CF /* CanvasViewport.swift */,
				9B7724423128E4923FB4119B /* ProgramCanvasView.swift */,
				5BBF3667FF8EC32438B53498 /* ProgramFramePresenter.swift */,
			);
			path = Canvas;
			sourceTree = "<group>";
		};
		A54B7372870B881D785FE7F5 /* H3ddleUITests */ = {
			isa = PBXGroup;
			children = (
				EE1A8789B11B5C010EED4C4E /* H3ddleUITests.swift */,
			);
			name = H3ddleUITests;
			path = Tests/H3ddleUITests;
			sourceTree = "<group>";
		};
		ADB8BD5636137D619F921B21 /* Packages */ = {
			isa = PBXGroup;
			children = (
				C78ACDBA5C3E48FC3FD91769 /* H3ddleKit */,
			);
			path = Packages;
			sourceTree = "<group>";
		};
		B2138135C9E5860FF98F2F80 /* Sources */ = {
			isa = PBXGroup;
			children = (
				32AF7AE28640A9E731A0699A /* App */,
				E1B7FA6661B6997109EC77AF /* Features */,
			);
			name = Sources;
			path = App/Sources;
			sourceTree = "<group>";
		};
		B6A12FF9DA64FC37477DE38A /* ModelSettings */ = {
			isa = PBXGroup;
			children = (
				08AAFB2977E8BADEB471E371 /* ModelSettingsView.swift */,
			);
			path = ModelSettings;
			sourceTree = "<group>";
		};
		D6A24200836533225F4B134E /* Project */ = {
			isa = PBXGroup;
			children = (
				43B65284F9D9F37F44F8B0EC /* ProjectSettingsPanel.swift */,
			);
			path = Project;
			sourceTree = "<group>";
		};
		DFE847E92DE78660F6C2484D /* Effects */ = {
			isa = PBXGroup;
			children = (
				95DFE38643B882953196C533 /* EffectsPanelView.swift */,
			);
			path = Effects;
			sourceTree = "<group>";
		};
		E1B7FA6661B6997109EC77AF /* Features */ = {
			isa = PBXGroup;
			children = (
				EAF108948BA76F96218AA6E3 /* Editor */,
				DFE847E92DE78660F6C2484D /* Effects */,
				6B1ACFFABCD6CFE2245D0F51 /* Export */,
				221BB1230E5FE4AE9565DD11 /* GenerateStudio */,
				B6A12FF9DA64FC37477DE38A /* ModelSettings */,
				D6A24200836533225F4B134E /* Project */,
				3B913D10FA2E7550B189AE4B /* Text */,
				15240A025352EF7E48FAAF44 /* Transitions */,
			);
			path = Features;
			sourceTree = "<group>";
		};
		E23E07CFB8CBD22F11D19EDA /* Resources */ = {
			isa = PBXGroup;
			children = (
				3FCA3D3C6ED1AA4E588C7A38 /* Assets.xcassets */,
			);
			name = Resources;
			path = App/Resources;
			sourceTree = "<group>";
		};
		EAF108948BA76F96218AA6E3 /* Editor */ = {
			isa = PBXGroup;
			children = (
				8A6F344EB4997F4C458F2CD0 /* Canvas */,
				2E54B4C8C297539803D7E575 /* Playback */,
				470370CCAFF7AA280BB3F416 /* Timeline */,
				69F35D81C9968F32C725B215 /* EditorSession.swift */,
				2547ABB5B8079987008EBA8B /* EditorView.swift */,
				84E7E87AF0B2CCE306CCA94F /* GeneratedAssetPreview.swift */,
				F7B3ED39A78FF1C070FC68E7 /* WindowChromeInstaller.swift */,
			);
			path = Editor;
			sourceTree = "<group>";
		};
		F9E0FFB47617E488EA66AD0D /* Products */ = {
			isa = PBXGroup;
			children = (
				CFB197A56139F880CD4A81C7 /* H3ddle.app */,
				DF87CD329EDE32AD0A1ACB8F /* H3ddleUITests.xctest */,
			);
			name = Products;
			sourceTree = "<group>";
		};
/* End PBXGroup section */

/* Begin PBXNativeTarget section */
		54CECC514BFE2B0F0CCA1DFE /* H3ddleUITests */ = {
			isa = PBXNativeTarget;
			buildConfigurationList = 2566B5E43833DC5BC0178C3C /* Build configuration list for PBXNativeTarget "H3ddleUITests" */;
			buildPhases = (
				3B200E1DB0E7D90B1C3314D9 /* Sources */,
			);
			buildRules = (
			);
			dependencies = (
				CBA21E5AFCA245733E9275D8 /* PBXTargetDependency */,
			);
			name = H3ddleUITests;
			packageProductDependencies = (
			);
			productName = H3ddleUITests;
			productReference = DF87CD329EDE32AD0A1ACB8F /* H3ddleUITests.xctest */;
			productType = "com.apple.product-type.bundle.ui-testing";
		};
		7823EB3E2954BA7727157CE0 /* H3ddle */ = {
			isa = PBXNativeTarget;
			buildConfigurationList = 8BD3E8609AB0CCF9C83D30C0 /* Build configuration list for PBXNativeTarget "H3ddle" */;
			buildPhases = (
				D29133FC1AD05A5B8B000EEF /* Build and embed H3 engine helper */,
				EDBE910E9FE52E78A17B5DF3 /* Sources */,
				9C40697F3953D6D166C4DC47 /* Resources */,
				D034298C114BD5052149C117 /* Frameworks */,
			);
			buildRules = (
			);
			dependencies = (
			);
			name = H3ddle;
			packageProductDependencies = (
				2F420D87DF957DDFAD4E5936 /* H3ddleCore */,
				53643B1E43A41BCDA80826AC /* H3ddleDesignSystem */,
				5B5B1FCE86203351735AC704 /* H3ddleEngineClient */,
				8916055035142DBA446A0BE3 /* H3ddleEngineProtocol */,
				536EF32BBB28C07D9EABEE98 /* H3ddleGeneration */,
				D97CC2149317A2A032A5CB30 /* H3ddleMedia */,
				80AEEEDA403FB26BDE78E158 /* H3ddleModels */,
			);
			productName = H3ddle;
			productReference = CFB197A56139F880CD4A81C7 /* H3ddle.app */;
			productType = "com.apple.product-type.application";
		};
/* End PBXNativeTarget section */

/* Begin PBXProject section */
		4C1E9B5B45C845F25F6A7B8E /* Project object */ = {
			isa = PBXProject;
			attributes = {
				BuildIndependentTargetsInParallel = YES;
				LastUpgradeCheck = 1430;
				TargetAttributes = {
					54CECC514BFE2B0F0CCA1DFE = {
						TestTargetID = 7823EB3E2954BA7727157CE0;
					};
				};
			};
			buildConfigurationList = A20FD175C72A56F886490E8C /* Build configuration list for PBXProject "H3ddle" */;
			developmentRegion = en;
			hasScannedForEncodings = 0;
			knownRegions = (
				Base,
				en,
			);
			mainGroup = 40A8AA1518A455876F4C3268;
			minimizedProjectReferenceProxies = 1;
			packageReferences = (
				90588E05D1F9E482F752C36F /* XCLocalSwiftPackageReference "Packages/H3ddleKit" */,
			);
			preferredProjectObjectVersion = 77;
			productRefGroup = F9E0FFB47617E488EA66AD0D /* Products */;
			projectDirPath = "";
			projectRoot = "";
			targets = (
				7823EB3E2954BA7727157CE0 /* H3ddle */,
				54CECC514BFE2B0F0CCA1DFE /* H3ddleUITests */,
			);
		};
/* End PBXProject section */

/* Begin PBXResourcesBuildPhase section */
		9C40697F3953D6D166C4DC47 /* Resources */ = {
			isa = PBXResourcesBuildPhase;
			buildActionMask = 2147483647;
			files = (
				C897FFA94948CD41987E9620 /* Assets.xcassets in Resources */,
			);
			runOnlyForDeploymentPostprocessing = 0;
		};
/* End PBXResourcesBuildPhase section */

/* Begin PBXShellScriptBuildPhase section */
		D29133FC1AD05A5B8B000EEF /* Build and embed H3 engine helper */ = {
			isa = PBXShellScriptBuildPhase;
			alwaysOutOfDate = 1;
			buildActionMask = 2147483647;
			files = (
			);
			inputFileListPaths = (
			);
			inputPaths = (
			);
			name = "Build and embed H3 engine helper";
			outputFileListPaths = (
			);
			outputPaths = (
			);
			runOnlyForDeploymentPostprocessing = 0;
			shellPath = /bin/sh;
			shellScript = "#!/bin/sh\nset -eu\n\nif [ -n \"${SRCROOT:-}\" ]; then\n    repository_root=$SRCROOT\nelse\n    repository_root=$(CDPATH= cd -- \"$(dirname -- \"$0\")/..\" && pwd)\nfi\nengine_configuration=debug\nif [ \"${CONFIGURATION:-Debug}\" = \"Release\" ]; then\n    engine_configuration=release\nfi\n\nswift build \\\n    --package-path \"$repository_root/Engine\" \\\n    --configuration \"$engine_configuration\"\n\nengine_binary=\"$repository_root/Engine/.build/$engine_configuration/H3ddleEngineService\"\nhelper_directory=\"$TARGET_BUILD_DIR/$CONTENTS_FOLDER_PATH/Helpers\"\nshader_directory=\"$TARGET_BUILD_DIR/$UNLOCALIZED_RESOURCES_FOLDER_PATH/H3Engine\"\nmkdir -p \"$helper_directory\"\nmkdir -p \"$shader_directory\"\n/bin/rm -f \"$helper_directory/h3_shaders.metal\"\n/usr/bin/ditto \"$engine_binary\" \"$helper_directory/H3ddleEngineService\"\n/usr/bin/ditto \\\n    \"$repository_root/Engine/Vendor/h3.c/h3_shaders.metal\" \\\n    \"$shader_directory/h3_shaders.metal\"\n\nair=\"$shader_directory/h3_shaders.air\"\nmetallib=\"$shader_directory/h3_shaders.metallib\"\nmetal_bin=$(/usr/bin/xcrun --sdk macosx --find metal 2>/dev/null || true)\nif [ -n \"$metal_bin\" ] && [ -x \"$metal_bin\" ] \\\n    && \"$metal_bin\" -c \\\n        \"$repository_root/Engine/Vendor/h3.c/h3_shaders.metal\" \\\n        -o \"$air\" >/dev/null 2>&1 \\\n    && /usr/bin/xcrun --sdk macosx metallib \"$air\" -o \"$metallib\" >/dev/null 2>&1; then\n    /bin/rm -f \"$air\"\nelse\n    /bin/rm -f \"$air\" \"$metallib\"\nfi\n\nif [ \"${CODE_SIGNING_ALLOWED:-YES}\" != \"NO\" ] && [ -n \"${EXPANDED_CODE_SIGN_IDENTITY:-}\" ]; then\n    /usr/bin/codesign \\\n        --force \\\n        --sign \"$EXPANDED_CODE_SIGN_IDENTITY\" \\\n        --options runtime \\\n        \"$helper_directory/H3ddleEngineService\"\nfi\n";
		};
/* End PBXShellScriptBuildPhase section */

/* Begin PBXSourcesBuildPhase section */
		3B200E1DB0E7D90B1C3314D9 /* Sources */ = {
			isa = PBXSourcesBuildPhase;
			buildActionMask = 2147483647;
			files = (
				D3BE0742930E61BBB40C1081 /* H3ddleUITests.swift in Sources */,
			);
			runOnlyForDeploymentPostprocessing = 0;
		};
		EDBE910E9FE52E78A17B5DF3 /* Sources */ = {
			isa = PBXSourcesBuildPhase;
			buildActionMask = 2147483647;
			files = (
				8F8AD1AF67979F6F90EA4B85 /* AppModel.swift in Sources */,
				CC4F9A5AA9DD7E28C23E15FA /* AudioPreviewPlayer.swift in Sources */,
				1A11C0FCE6740ACFF083AB72 /* CanvasGizmoGeometry.swift in Sources */,
				32E499B7269BB7EBFDE89192 /* CanvasGizmoOverlay.swift in Sources */,
				2340DB253E47E718A1EAE4C8 /* CanvasInteractionProbe.swift in Sources */,
				9A494F4E5CF63338D4A4CE53 /* CanvasMediaSize.swift in Sources */,
				1FD10BD8234B5B28446C7C97 /* CanvasViewport.swift in Sources */,
				9E78D049843D79C6B77799A5 /* DockAttention.swift in Sources */,
				45129FAA941B44DFCBD13A6B /* EditorSession.swift in Sources */,
				B47AB95F0B9991CC8D7BE476 /* EditorView.swift in Sources */,
				9F2F6176508A41C319B8787B /* EffectsPanelView.swift in Sources */,
				7157283517D7926DAFFA6D6E /* ExportControlsView.swift in Sources */,
				388EF6D763445F890EE23922 /* ExportModalView.swift in Sources */,
				514D86AC0E8FBB4ECB5669E0 /* FontCatalog.swift in Sources */,
				4143C0887613C548157CE456 /* GeneratedAssetPreview.swift in Sources */,
				EBBEE876E6A0B8AAB63AE897 /* GenerationNotifier.swift in Sources */,
				3D7E7EFF52A71036A983F905 /* GenerationStudioView.swift in Sources */,
				C9A28FFC5001B8CE177CCDF5 /* H3ddleApp.swift in Sources */,
				A87CED10762409A020D57F8C /* LocalImagePreview.swift in Sources */,
				9098009C6BDCA4F8A02BFE44 /* ModelSettingsView.swift in Sources */,
				6A8CC1CB3478617D14303D05 /* ProgramCanvasView.swift in Sources */,
				C612E804FE06BE4E86A8D087 /* ProgramFramePresenter.swift in Sources */,
				6CF1280CDCAFBA1285052629 /* ProgramPlaybackController.swift in Sources */,
				BBE1A31FF7A531973A6A2FAB /* ProgramTimelineView.swift in Sources */,
				ADEC2012684556D6CDF00F48 /* ProjectSettingsPanel.swift in Sources */,
				649155286CCB8A2F94BB6FF2 /* SecondaryClickProbe.swift in Sources */,
				D57E7BF2012D9018064F99F6 /* TextInspectorPanel.swift in Sources */,
				2F326CFAF21C4DD0992E083F /* TimeRulerView.swift in Sources */,
				F4EB56F215F9718964DBB153 /* TimelineAppendMenu.swift in Sources */,
				50DDB60CD503561602DD7C40 /* TimelineClipMenu.swift in Sources */,
				BEAE4110ED9B9EE37CEB3F5D /* TimelineClipView.swift in Sources */,
				655FEE867A09E7098E81B75E /* TimelineEffectPill.swift in Sources */,
				5A4C2F216202A4E6F7E2B471 /* TimelineMediaDrop.swift in Sources */,
				A72D97AED6C7E11D25D87D04 /* TimelineTransitionHandle.swift in Sources */,
				AC44AEDF7277AC76B56F2D03 /* TrackHeaderView.swift in Sources */,
				C2B9C48A2BBE05A72B922929 /* TransitionsPanelView.swift in Sources */,
				73C88559CDE06B206D8097EC /* TransportBarView.swift in Sources */,
				DF3BD1D9C2720C3DE35181F5 /* VoiceLibrary.swift in Sources */,
				5A053AEC1E6AED63420FA167 /* WindowChromeInstaller.swift in Sources */,
			);
			runOnlyForDeploymentPostprocessing = 0;
		};
/* End PBXSourcesBuildPhase section */

/* Begin PBXTargetDependency section */
		CBA21E5AFCA245733E9275D8 /* PBXTargetDependency */ = {
			isa = PBXTargetDependency;
			target = 7823EB3E2954BA7727157CE0 /* H3ddle */;
			targetProxy = E66E147B699BF808A5CFF118 /* PBXContainerItemProxy */;
		};
/* End PBXTargetDependency section */

/* Begin XCBuildConfiguration section */
		135A4C9947A2EE89EB0274CA /* Release */ = {
			isa = XCBuildConfiguration;
			baseConfigurationReference = 478777F017228F58ABA67D3B /* Release.xcconfig */;
			buildSettings = {
				ASSETCATALOG_COMPILER_APPICON_NAME = AppIcon;
				ASSETCATALOG_COMPILER_GLOBAL_ACCENT_COLOR_NAME = AccentColor;
				CODE_SIGN_ENTITLEMENTS = Config/H3ddle.entitlements;
				COMBINE_HIDPI_IMAGES = YES;
				CURRENT_PROJECT_VERSION = 1;
				ENABLE_HARDENED_RUNTIME = YES;
				ENABLE_USER_SCRIPT_SANDBOXING = NO;
				GENERATE_INFOPLIST_FILE = YES;
				INFOPLIST_KEY_CFBundleDisplayName = H3ddle;
				INFOPLIST_KEY_LSApplicationCategoryType = "public.app-category.video";
				LD_RUNPATH_SEARCH_PATHS = (
					"$(inherited)",
					"@executable_path/../Frameworks",
				);
				MARKETING_VERSION = 0.7.4;
				PRODUCT_BUNDLE_IDENTIFIER = app.h3ddle.desktop;
				PRODUCT_NAME = H3ddle;
				SDKROOT = macosx;
			};
			name = Release;
		};
		34EBBEBB0D6CCA9F047A5836 /* Debug */ = {
			isa = XCBuildConfiguration;
			baseConfigurationReference = 69CF5EDC9BBD36B9A69334DE /* Debug.xcconfig */;
			buildSettings = {
				ASSETCATALOG_COMPILER_APPICON_NAME = AppIcon;
				ASSETCATALOG_COMPILER_GLOBAL_ACCENT_COLOR_NAME = AccentColor;
				CODE_SIGN_ENTITLEMENTS = Config/H3ddle.entitlements;
				COMBINE_HIDPI_IMAGES = YES;
				CURRENT_PROJECT_VERSION = 1;
				ENABLE_HARDENED_RUNTIME = YES;
				ENABLE_USER_SCRIPT_SANDBOXING = NO;
				GENERATE_INFOPLIST_FILE = YES;
				INFOPLIST_KEY_CFBundleDisplayName = H3ddle;
				INFOPLIST_KEY_LSApplicationCategoryType = "public.app-category.video";
				LD_RUNPATH_SEARCH_PATHS = (
					"$(inherited)",
					"@executable_path/../Frameworks",
				);
				MARKETING_VERSION = 0.7.4;
				PRODUCT_BUNDLE_IDENTIFIER = app.h3ddle.desktop;
				PRODUCT_NAME = H3ddle;
				SDKROOT = macosx;
			};
			name = Debug;
		};
		4DCD770E5D26F6749085983E /* Debug */ = {
			isa = XCBuildConfiguration;
			buildSettings = {
				BUNDLE_LOADER = "$(TEST_HOST)";
				COMBINE_HIDPI_IMAGES = YES;
				GENERATE_INFOPLIST_FILE = YES;
				LD_RUNPATH_SEARCH_PATHS = (
					"$(inherited)",
					"@executable_path/Frameworks",
					"@loader_path/Frameworks",
				);
				PRODUCT_BUNDLE_IDENTIFIER = "app.h3ddle.desktop-uitests";
				SDKROOT = macosx;
				TEST_TARGET_NAME = H3ddle;
			};
			name = Debug;
		};
		9AC70FF95F28C3413552530C /* Release */ = {
			isa = XCBuildConfiguration;
			buildSettings = {
				ALWAYS_SEARCH_USER_PATHS = NO;
				ARCHS = arm64;
				CLANG_ANALYZER_NONNULL = YES;
				CLANG_ANALYZER_NUMBER_OBJECT_CONVERSION = YES_AGGRESSIVE;
				CLANG_CXX_LANGUAGE_STANDARD = "gnu++14";
				CLANG_CXX_LIBRARY = "libc++";
				CLANG_ENABLE_MODULES = YES;
				CLANG_ENABLE_OBJC_ARC = YES;
				CLANG_ENABLE_OBJC_WEAK = YES;
				CLANG_WARN_BLOCK_CAPTURE_AUTORELEASING = YES;
				CLANG_WARN_BOOL_CONVERSION = YES;
				CLANG_WARN_COMMA = YES;
				CLANG_WARN_CONSTANT_CONVERSION = YES;
				CLANG_WARN_DEPRECATED_OBJC_IMPLEMENTATIONS = YES;
				CLANG_WARN_DIRECT_OBJC_ISA_USAGE = YES_ERROR;
				CLANG_WARN_DOCUMENTATION_COMMENTS = YES;
				CLANG_WARN_EMPTY_BODY = YES;
				CLANG_WARN_ENUM_CONVERSION = YES;
				CLANG_WARN_INFINITE_RECURSION = YES;
				CLANG_WARN_INT_CONVERSION = YES;
				CLANG_WARN_NON_LITERAL_NULL_CONVERSION = YES;
				CLANG_WARN_OBJC_IMPLICIT_RETAIN_SELF = YES;
				CLANG_WARN_OBJC_LITERAL_CONVERSION = YES;
				CLANG_WARN_OBJC_ROOT_CLASS = YES_ERROR;
				CLANG_WARN_QUOTED_INCLUDE_IN_FRAMEWORK_HEADER = YES;
				CLANG_WARN_RANGE_LOOP_ANALYSIS = YES;
				CLANG_WARN_STRICT_PROTOTYPES = YES;
				CLANG_WARN_SUSPICIOUS_MOVE = YES;
				CLANG_WARN_UNGUARDED_AVAILABILITY = YES_AGGRESSIVE;
				CLANG_WARN_UNREACHABLE_CODE = YES;
				CLANG_WARN__DUPLICATE_METHOD_MATCH = YES;
				COPY_PHASE_STRIP = NO;
				DEBUG_INFORMATION_FORMAT = "dwarf-with-dsym";
				ENABLE_NS_ASSERTIONS = NO;
				ENABLE_STRICT_OBJC_MSGSEND = YES;
				GCC_C_LANGUAGE_STANDARD = gnu11;
				GCC_NO_COMMON_BLOCKS = YES;
				GCC_WARN_64_TO_32_BIT_CONVERSION = YES;
				GCC_WARN_ABOUT_RETURN_TYPE = YES_ERROR;
				GCC_WARN_UNDECLARED_SELECTOR = YES;
				GCC_WARN_UNINITIALIZED_AUTOS = YES_AGGRESSIVE;
				GCC_WARN_UNUSED_FUNCTION = YES;
				GCC_WARN_UNUSED_VARIABLE = YES;
				MACOSX_DEPLOYMENT_TARGET = 15.0;
				MTL_ENABLE_DEBUG_INFO = NO;
				MTL_FAST_MATH = YES;
				PRODUCT_NAME = "$(TARGET_NAME)";
				SDKROOT = macosx;
				SWIFT_COMPILATION_MODE = wholemodule;
				SWIFT_OPTIMIZATION_LEVEL = "-O";
				SWIFT_STRICT_CONCURRENCY = complete;
				SWIFT_VERSION = 6.0;
			};
			name = Release;
		};
		D39E043142BFA206B61D6C5D /* Release */ = {
			isa = XCBuildConfiguration;
			buildSettings = {
				BUNDLE_LOADER = "$(TEST_HOST)";
				COMBINE_HIDPI_IMAGES = YES;
				GENERATE_INFOPLIST_FILE = YES;
				LD_RUNPATH_SEARCH_PATHS = (
					"$(inherited)",
					"@executable_path/Frameworks",
					"@loader_path/Frameworks",
				);
				PRODUCT_BUNDLE_IDENTIFIER = "app.h3ddle.desktop-uitests";
				SDKROOT = macosx;
				TEST_TARGET_NAME = H3ddle;
			};
			name = Release;
		};
		FBB839F5D9C7A2DB3CB02B39 /* Debug */ = {
			isa = XCBuildConfiguration;
			buildSettings = {
				ALWAYS_SEARCH_USER_PATHS = NO;
				ARCHS = arm64;
				CLANG_ANALYZER_NONNULL = YES;
				CLANG_ANALYZER_NUMBER_OBJECT_CONVERSION = YES_AGGRESSIVE;
				CLANG_CXX_LANGUAGE_STANDARD = "gnu++14";
				CLANG_CXX_LIBRARY = "libc++";
				CLANG_ENABLE_MODULES = YES;
				CLANG_ENABLE_OBJC_ARC = YES;
				CLANG_ENABLE_OBJC_WEAK = YES;
				CLANG_WARN_BLOCK_CAPTURE_AUTORELEASING = YES;
				CLANG_WARN_BOOL_CONVERSION = YES;
				CLANG_WARN_COMMA = YES;
				CLANG_WARN_CONSTANT_CONVERSION = YES;
				CLANG_WARN_DEPRECATED_OBJC_IMPLEMENTATIONS = YES;
				CLANG_WARN_DIRECT_OBJC_ISA_USAGE = YES_ERROR;
				CLANG_WARN_DOCUMENTATION_COMMENTS = YES;
				CLANG_WARN_EMPTY_BODY = YES;
				CLANG_WARN_ENUM_CONVERSION = YES;
				CLANG_WARN_INFINITE_RECURSION = YES;
				CLANG_WARN_INT_CONVERSION = YES;
				CLANG_WARN_NON_LITERAL_NULL_CONVERSION = YES;
				CLANG_WARN_OBJC_IMPLICIT_RETAIN_SELF = YES;
				CLANG_WARN_OBJC_LITERAL_CONVERSION = YES;
				CLANG_WARN_OBJC_ROOT_CLASS = YES_ERROR;
				CLANG_WARN_QUOTED_INCLUDE_IN_FRAMEWORK_HEADER = YES;
				CLANG_WARN_RANGE_LOOP_ANALYSIS = YES;
				CLANG_WARN_STRICT_PROTOTYPES = YES;
				CLANG_WARN_SUSPICIOUS_MOVE = YES;
				CLANG_WARN_UNGUARDED_AVAILABILITY = YES_AGGRESSIVE;
				CLANG_WARN_UNREACHABLE_CODE = YES;
				CLANG_WARN__DUPLICATE_METHOD_MATCH = YES;
				COPY_PHASE_STRIP = NO;
				DEBUG_INFORMATION_FORMAT = dwarf;
				ENABLE_STRICT_OBJC_MSGSEND = YES;
				ENABLE_TESTABILITY = YES;
				GCC_C_LANGUAGE_STANDARD = gnu11;
				GCC_DYNAMIC_NO_PIC = NO;
				GCC_NO_COMMON_BLOCKS = YES;
				GCC_OPTIMIZATION_LEVEL = 0;
				GCC_PREPROCESSOR_DEFINITIONS = (
					"$(inherited)",
					"DEBUG=1",
				);
				GCC_WARN_64_TO_32_BIT_CONVERSION = YES;
				GCC_WARN_ABOUT_RETURN_TYPE = YES_ERROR;
				GCC_WARN_UNDECLARED_SELECTOR = YES;
				GCC_WARN_UNINITIALIZED_AUTOS = YES_AGGRESSIVE;
				GCC_WARN_UNUSED_FUNCTION = YES;
				GCC_WARN_UNUSED_VARIABLE = YES;
				MACOSX_DEPLOYMENT_TARGET = 15.0;
				MTL_ENABLE_DEBUG_INFO = INCLUDE_SOURCE;
				MTL_FAST_MATH = YES;
				ONLY_ACTIVE_ARCH = YES;
				PRODUCT_NAME = "$(TARGET_NAME)";
				SDKROOT = macosx;
				SWIFT_ACTIVE_COMPILATION_CONDITIONS = DEBUG;
				SWIFT_OPTIMIZATION_LEVEL = "-Onone";
				SWIFT_STRICT_CONCURRENCY = complete;
				SWIFT_VERSION = 6.0;
			};
			name = Debug;
		};
/* End XCBuildConfiguration section */

/* Begin XCConfigurationList section */
		2566B5E43833DC5BC0178C3C /* Build configuration list for PBXNativeTarget "H3ddleUITests" */ = {
			isa = XCConfigurationList;
			buildConfigurations = (
				4DCD770E5D26F6749085983E /* Debug */,
				D39E043142BFA206B61D6C5D /* Release */,
			);
			defaultConfigurationIsVisible = 0;
			defaultConfigurationName = Debug;
		};
		8BD3E8609AB0CCF9C83D30C0 /* Build configuration list for PBXNativeTarget "H3ddle" */ = {
			isa = XCConfigurationList;
			buildConfigurations = (
				34EBBEBB0D6CCA9F047A5836 /* Debug */,
				135A4C9947A2EE89EB0274CA /* Release */,
			);
			defaultConfigurationIsVisible = 0;
			defaultConfigurationName = Debug;
		};
		A20FD175C72A56F886490E8C /* Build configuration list for PBXProject "H3ddle" */ = {
			isa = XCConfigurationList;
			buildConfigurations = (
				FBB839F5D9C7A2DB3CB02B39 /* Debug */,
				9AC70FF95F28C3413552530C /* Release */,
			);
			defaultConfigurationIsVisible = 0;
			defaultConfigurationName = Debug;
		};
/* End XCConfigurationList section */

/* Begin XCLocalSwiftPackageReference section */
		90588E05D1F9E482F752C36F /* XCLocalSwiftPackageReference "Packages/H3ddleKit" */ = {
			isa = XCLocalSwiftPackageReference;
			relativePath = Packages/H3ddleKit;
		};
/* End XCLocalSwiftPackageReference section */

/* Begin XCSwiftPackageProductDependency section */
		2F420D87DF957DDFAD4E5936 /* H3ddleCore */ = {
			isa = XCSwiftPackageProductDependency;
			productName = H3ddleCore;
		};
		53643B1E43A41BCDA80826AC /* H3ddleDesignSystem */ = {
			isa = XCSwiftPackageProductDependency;
			productName = H3ddleDesignSystem;
		};
		536EF32BBB28C07D9EABEE98 /* H3ddleGeneration */ = {
			isa = XCSwiftPackageProductDependency;
			productName = H3ddleGeneration;
		};
		5B5B1FCE86203351735AC704 /* H3ddleEngineClient */ = {
			isa = XCSwiftPackageProductDependency;
			productName = H3ddleEngineClient;
		};
		80AEEEDA403FB26BDE78E158 /* H3ddleModels */ = {
			isa = XCSwiftPackageProductDependency;
			productName = H3ddleModels;
		};
		8916055035142DBA446A0BE3 /* H3ddleEngineProtocol */ = {
			isa = XCSwiftPackageProductDependency;
			productName = H3ddleEngineProtocol;
		};
		D97CC2149317A2A032A5CB30 /* H3ddleMedia */ = {
			isa = XCSwiftPackageProductDependency;
			productName = H3ddleMedia;
		};
/* End XCSwiftPackageProductDependency section */
	};
	rootObject = 4C1E9B5B45C845F25F6A7B8E /* Project object */;
}
